<?xml version="1.0" encoding="utf-8"?>
<Project ToolsVersion="4.0" xmlns="http://schemas.microsoft.com/developer/msbuild/2003">
  <ItemGroup>
    <Filter Include="src">
      <UniqueIdentifier>{ab919e41-6ab9-4c35-a514-c3e2e30a178c}</UniqueIdentifier>
    </Filter>
    <Filter Include="src\Utils">
      <UniqueIdentifier>{46f4da04-aa3d-4e57-bd0d-01e448cf5f19}</UniqueIdentifier>
    </Filter>
  </ItemGroup>
  <ItemGroup>
    <ClCompile Include="..\src\EntryPoint.cpp">
      <Filter>src</Filter>
    </ClCompile>
    <ClCompile Include="..\src\Utils\Logger.cpp">
      <Filter>src\Utils</Filter>
    </ClCompile>
  </ItemGroup>
  <ItemGroup>
    <ClInclude Include="..\src\Utils\Logger.h">
      <Filter>src\Utils</Filter>
    </ClInclude>
  </ItemGroup>
  <ItemGroup>
    <None Include="..\src\Utils\Logger.inl">
      <Filter>src\Utils</Filter>
    </None>
  </ItemGroup>
</Project>